
Microsoft Visual Studio Solution File, Format Version 12.00
# Visual Studio Version 17
VisualStudioVersion = 17.8.34322.80
MinimumVisualStudioVersion = 10.0.40219.1
Project("{FAE04EC0-301F-11D3-BF4B-00C04F79EFBC}") = "component-composition", "component-composition\component-composition.csproj", "{7E375614-5339-46BA-B7AC-ED2EF76FB3F0}"
EndProject
Global
	GlobalSection(SolutionConfigurationPlatforms) = preSolution
		Debug|Any CPU = Debug|Any CPU
		Release|Any CPU = Release|Any CPU
	EndGlobalSection
	GlobalSection(ProjectConfigurationPlatforms) = postSolution
		{7E375614-5339-46BA-B7AC-ED2EF76FB3F0}.Debug|Any CPU.ActiveCfg = Debug|Any CPU
		{7E375614-5339-46BA-B7AC-ED2EF76FB3F0}.Debug|Any CPU.Build.0 = Debug|Any CPU
		{7E375614-5339-46BA-B7AC-ED2EF76FB3F0}.Release|Any CPU.ActiveCfg = Release|Any CPU
		{7E375614-5339-46BA-B7AC-ED2EF76FB3F0}.Release|Any CPU.Build.0 = Release|Any CPU
	EndGlobalSection
	GlobalSection(SolutionProperties) = preSolution
		HideSolutionNode = FALSE
	EndGlobalSection
	GlobalSection(ExtensibilityGlobals) = postSolution
		SolutionGuid = {786F840B-1F20-4BEB-B1F0-75305B8DB36B}
	EndGlobalSection
EndGlobal
